{
	"name": "server",
	"lockfileVersion": 3,
	"requires": true,
	"packages": {
		"": {
			"dependencies": {
				"@napi-rs/canvas": "^0.1.51",
				"@resolverworks/enson": "^0.0.8",
				"@resolverworks/ezccip": "^0.0.8",
				"ethers": "^6.11.1"
			}
		},
		"node_modules/@adraffy/cid": {
			"version": "0.0.6",
			"resolved": "https://registry.npmjs.org/@adraffy/cid/-/cid-0.0.6.tgz",
			"integrity": "sha512-LPVCM0/JvJ0nYDPfLzEt60Xo7AAAvbbbt7wmgpcUeqUoR3dQVr4oth9m5aX4r+7TkfMEyGx3/ap9aHFe7/30Eg=="
		},
		"node_modules/@adraffy/ens-normalize": {
			"version": "1.10.1",
			"resolved": "https://registry.npmjs.org/@adraffy/ens-normalize/-/ens-normalize-1.10.1.tgz",
			"integrity": "sha512-96Z2IP3mYmF1Xg2cDm8f1gWGf/HUVedQ3FMifV4kG/PQ4yEP51xDtRAEfhVNt5f/uzpNkZHwWQuUcu6D6K+Ekw=="
		},
		"node_modules/@ensdomains/address-encoder": {
			"version": "1.1.1",
			"resolved": "https://registry.npmjs.org/@ensdomains/address-encoder/-/address-encoder-1.1.1.tgz",
			"integrity": "sha512-yg7s+suCuKRhaGsgLu57W/jxIs/Lnqs/SU7jT7UwS4ATSnW94jbUCbmyyZ82CQwKsmwaUE8uYvvVb4N6lfz29A==",
			"dependencies": {
				"@noble/curves": "^1.2.0",
				"@noble/hashes": "^1.3.2",
				"@scure/base": "^1.1.5"
			}
		},
		"node_modules/@napi-rs/canvas": {
			"version": "0.1.51",
			"resolved": "https://registry.npmjs.org/@napi-rs/canvas/-/canvas-0.1.51.tgz",
			"integrity": "sha512-9cD1BQk0kPrdLxdSPFEL7c9oeNPGZLEDn2F/Ctui7hoIdJLRm34BSW5/88UJbmgWVLM5+Ju/XKM1Rny3z3bhfQ==",
			"engines": {
				"node": ">= 10"
			},
			"optionalDependencies": {
				"@napi-rs/canvas-android-arm64": "0.1.51",
				"@napi-rs/canvas-darwin-arm64": "0.1.51",
				"@napi-rs/canvas-darwin-x64": "0.1.51",
				"@napi-rs/canvas-linux-arm-gnueabihf": "0.1.51",
				"@napi-rs/canvas-linux-arm64-gnu": "0.1.51",
				"@napi-rs/canvas-linux-arm64-musl": "0.1.51",
				"@napi-rs/canvas-linux-x64-gnu": "0.1.51",
				"@napi-rs/canvas-linux-x64-musl": "0.1.51",
				"@napi-rs/canvas-win32-x64-msvc": "0.1.51"
			}
		},
		"node_modules/@napi-rs/canvas-android-arm64": {
			"version": "0.1.51",
			"resolved": "https://registry.npmjs.org/@napi-rs/canvas-android-arm64/-/canvas-android-arm64-0.1.51.tgz",
			"integrity": "sha512-PAUA67PN+DuhvudfeIK+Ts9jnKhqgBrQkoZL9i9gV5tG3064bKOss7AJONGbDWOaSVSrmv6by1vsS25uputLYg==",
			"cpu": [
				"arm64"
			],
			"optional": true,
			"os": [
				"android"
			],
			"engines": {
				"node": ">= 10"
			}
		},
		"node_modules/@napi-rs/canvas-darwin-arm64": {
			"version": "0.1.51",
			"resolved": "https://registry.npmjs.org/@napi-rs/canvas-darwin-arm64/-/canvas-darwin-arm64-0.1.51.tgz",
			"integrity": "sha512-HUSeqDqwxGRZ/XwEHdVj1V0d6qhHkMZnmkxZz1dUA1Qe5cl18TzW5LUq03yt4/zP/fYfjkqXCPchRYJoQiXc6g==",
			"cpu": [
				"arm64"
			],
			"optional": true,
			"os": [
				"darwin"
			],
			"engines": {
				"node": ">= 10"
			}
		},
		"node_modules/@napi-rs/canvas-darwin-x64": {
			"version": "0.1.51",
			"resolved": "https://registry.npmjs.org/@napi-rs/canvas-darwin-x64/-/canvas-darwin-x64-0.1.51.tgz",
			"integrity": "sha512-HuppKkD3B+DWSAdAvrJjPhuqSX4zZv4kdw9+LDAoNvoYbq1USn96MnwYdIuH+XxNswuVsdBiB45hfK7elLLWjA==",
			"cpu": [
				"x64"
			],
			"optional": true,
			"os": [
				"darwin"
			],
			"engines": {
				"node": ">= 10"
			}
		},
		"node_modules/@napi-rs/canvas-linux-arm-gnueabihf": {
			"version": "0.1.51",
			"resolved": "https://registry.npmjs.org/@napi-rs/canvas-linux-arm-gnueabihf/-/canvas-linux-arm-gnueabihf-0.1.51.tgz",
			"integrity": "sha512-Dr92419tDE0E8/bIWT3rdTzAj+C7ySP9HIwtvxTx+X7vJO3G7+D8fTYHe1TpYtiBq81RcMmcqLbpl5DXAPNuIw==",
			"cpu": [
				"arm"
			],
			"optional": true,
			"os": [
				"linux"
			],
			"engines": {
				"node": ">= 10"
			}
		},
		"node_modules/@napi-rs/canvas-linux-arm64-gnu": {
			"version": "0.1.51",
			"resolved": "https://registry.npmjs.org/@napi-rs/canvas-linux-arm64-gnu/-/canvas-linux-arm64-gnu-0.1.51.tgz",
			"integrity": "sha512-swv6JPtL72UYc3sne52QvYJ8aU8FQ0OZ3kGrLa7M9u4FUJJREnQ1MhqA8vj1IrdxUIeBZvBvakk+koiA7o/eXw==",
			"cpu": [
				"arm64"
			],
			"optional": true,
			"os": [
				"linux"
			],
			"engines": {
				"node": ">= 10"
			}
		},
		"node_modules/@napi-rs/canvas-linux-arm64-musl": {
			"version": "0.1.51",
			"resolved": "https://registry.npmjs.org/@napi-rs/canvas-linux-arm64-musl/-/canvas-linux-arm64-musl-0.1.51.tgz",
			"integrity": "sha512-dKhVNJ3DGX+vf0EnQ6356suRAT3BPxfcmV6DzDjONro54eDoJM1UCb4Ujamq7aCcVu9aYIIoed8i7GNRDknfTA==",
			"cpu": [
				"arm64"
			],
			"optional": true,
			"os": [
				"linux"
			],
			"engines": {
				"node": ">= 10"
			}
		},
		"node_modules/@napi-rs/canvas-linux-x64-gnu": {
			"version": "0.1.51",
			"resolved": "https://registry.npmjs.org/@napi-rs/canvas-linux-x64-gnu/-/canvas-linux-x64-gnu-0.1.51.tgz",
			"integrity": "sha512-g6SCDxT1glof0GcZVbfqLEWQQChRulM+pKJW2p2GquCi//MFwqVsjiD9Pld77FYjiXnXfLHavGNZ0oh0AdZM/A==",
			"cpu": [
				"x64"
			],
			"optional": true,
			"os": [
				"linux"
			],
			"engines": {
				"node": ">= 10"
			}
		},
		"node_modules/@napi-rs/canvas-linux-x64-musl": {
			"version": "0.1.51",
			"resolved": "https://registry.npmjs.org/@napi-rs/canvas-linux-x64-musl/-/canvas-linux-x64-musl-0.1.51.tgz",
			"integrity": "sha512-YFklknFT2Mj6Wx15NpWag8GKNjC/ca/Uap7Pb56pt0lLe1Vz2/JLxiolmUwnuAN/xcdwuIpUGKmEeLqc4W+/+w==",
			"cpu": [
				"x64"
			],
			"optional": true,
			"os": [
				"linux"
			],
			"engines": {
				"node": ">= 10"
			}
		},
		"node_modules/@napi-rs/canvas-win32-x64-msvc": {
			"version": "0.1.51",
			"resolved": "https://registry.npmjs.org/@napi-rs/canvas-win32-x64-msvc/-/canvas-win32-x64-msvc-0.1.51.tgz",
			"integrity": "sha512-n+sgQ6hr1hgxAFIozUhgSlsswFxOl51HNuMAz1EA9M+jh6yIMopO+6RV55j6yYX0Vxkqbj9wkkaEIC3uQisGAg==",
			"cpu": [
				"x64"
			],
			"optional": true,
			"os": [
				"win32"
			],
			"engines": {
				"node": ">= 10"
			}
		},
		"node_modules/@noble/curves": {
			"version": "1.2.0",
			"resolved": "https://registry.npmjs.org/@noble/curves/-/curves-1.2.0.tgz",
			"integrity": "sha512-oYclrNgRaM9SsBUBVbb8M6DTV7ZHRTKugureoYEncY5c65HOmRzvSiTE3y5CYaPYJA/GVkrhXEoF0M3Ya9PMnw==",
			"dependencies": {
				"@noble/hashes": "1.3.2"
			},
			"funding": {
				"url": "https://paulmillr.com/funding/"
			}
		},
		"node_modules/@noble/hashes": {
			"version": "1.3.2",
			"resolved": "https://registry.npmjs.org/@noble/hashes/-/hashes-1.3.2.tgz",
			"integrity": "sha512-MVC8EAQp7MvEcm30KWENFjgR+Mkmf+D189XJTkFIlwohU5hcBbn1ZkKq7KVTi2Hme3PMGF390DaL52beVrIihQ==",
			"engines": {
				"node": ">= 16"
			},
			"funding": {
				"url": "https://paulmillr.com/funding/"
			}
		},
		"node_modules/@resolverworks/enson": {
			"version": "0.0.8",
			"resolved": "https://registry.npmjs.org/@resolverworks/enson/-/enson-0.0.8.tgz",
			"integrity": "sha512-+/BpmQL2E7mqEO87Ndkbyj6OoYNJBwsGT1rQlhorj0xi3IY8WZ647U96t7151njNhh0bGdg/ANNjxzyYM2k/Nw==",
			"dependencies": {
				"@adraffy/cid": "^0.0.6",
				"@adraffy/ens-normalize": "^1.10.1",
				"@ensdomains/address-encoder": "^1.1.1",
				"@noble/hashes": "^1.3.3"
			}
		},
		"node_modules/@resolverworks/enson/node_modules/@noble/hashes": {
			"version": "1.4.0",
			"resolved": "https://registry.npmjs.org/@noble/hashes/-/hashes-1.4.0.tgz",
			"integrity": "sha512-V1JJ1WTRUqHHrOSh597hURcMqVKVGL/ea3kv0gSnEdsEZ0/+VyPghM1lMNGc00z7CIQorSvbKpuJkxvuHbvdbg==",
			"engines": {
				"node": ">= 16"
			},
			"funding": {
				"url": "https://paulmillr.com/funding/"
			}
		},
		"node_modules/@resolverworks/ezccip": {
			"version": "0.0.8",
			"resolved": "https://registry.npmjs.org/@resolverworks/ezccip/-/ezccip-0.0.8.tgz",
			"integrity": "sha512-Qnqdo64JJB8IX5qgohO2z8WxS3Ihudj0CAUhQsElPxngmjq9PHHILTWRLOJ0tN8gGt+lDnch63uLqxNiSF1vvQ==",
			"dependencies": {
				"ethers": "^6.11.1"
			}
		},
		"node_modules/@scure/base": {
			"version": "1.1.6",
			"resolved": "https://registry.npmjs.org/@scure/base/-/base-1.1.6.tgz",
			"integrity": "sha512-ok9AWwhcgYuGG3Zfhyqg+zwl+Wn5uE+dwC0NV/2qQkx4dABbb/bx96vWu8NSj+BNjjSjno+JRYRjle1jV08k3g==",
			"funding": {
				"url": "https://paulmillr.com/funding/"
			}
		},
		"node_modules/@types/node": {
			"version": "18.15.13",
			"resolved": "https://registry.npmjs.org/@types/node/-/node-18.15.13.tgz",
			"integrity": "sha512-N+0kuo9KgrUQ1Sn/ifDXsvg0TTleP7rIy4zOBGECxAljqvqfqpTfzx0Q1NUedOixRMBfe2Whhb056a42cWs26Q=="
		},
		"node_modules/aes-js": {
			"version": "4.0.0-beta.5",
			"resolved": "https://registry.npmjs.org/aes-js/-/aes-js-4.0.0-beta.5.tgz",
			"integrity": "sha512-G965FqalsNyrPqgEGON7nIx1e/OVENSgiEIzyC63haUMuvNnwIgIjMs52hlTCKhkBny7A2ORNlfY9Zu+jmGk1Q=="
		},
		"node_modules/ethers": {
			"version": "6.11.1",
			"resolved": "https://registry.npmjs.org/ethers/-/ethers-6.11.1.tgz",
			"integrity": "sha512-mxTAE6wqJQAbp5QAe/+o+rXOID7Nw91OZXvgpjDa1r4fAbq2Nu314oEZSbjoRLacuCzs7kUC3clEvkCQowffGg==",
			"funding": [
				{
					"type": "individual",
					"url": "https://github.com/sponsors/ethers-io/"
				},
				{
					"type": "individual",
					"url": "https://www.buymeacoffee.com/ricmoo"
				}
			],
			"dependencies": {
				"@adraffy/ens-normalize": "1.10.1",
				"@noble/curves": "1.2.0",
				"@noble/hashes": "1.3.2",
				"@types/node": "18.15.13",
				"aes-js": "4.0.0-beta.5",
				"tslib": "2.4.0",
				"ws": "8.5.0"
			},
			"engines": {
				"node": ">=14.0.0"
			}
		},
		"node_modules/tslib": {
			"version": "2.4.0",
			"resolved": "https://registry.npmjs.org/tslib/-/tslib-2.4.0.tgz",
			"integrity": "sha512-d6xOpEDfsi2CZVlPQzGeux8XMwLT9hssAsaPYExaQMuYskwb+x1x7J371tWlbBdWHroy99KnVB6qIkUbs5X3UQ=="
		},
		"node_modules/ws": {
			"version": "8.5.0",
			"resolved": "https://registry.npmjs.org/ws/-/ws-8.5.0.tgz",
			"integrity": "sha512-BWX0SWVgLPzYwF8lTzEy1egjhS4S4OEAHfsO8o65WOVsrnSRGaSiUaa9e0ggGlkMTtBlmOpEXiie9RUcBO86qg==",
			"engines": {
				"node": ">=10.0.0"
			},
			"peerDependencies": {
				"bufferutil": "^4.0.1",
				"utf-8-validate": "^5.0.2"
			},
			"peerDependenciesMeta": {
				"bufferutil": {
					"optional": true
				},
				"utf-8-validate": {
					"optional": true
				}
			}
		}
	}
}
